
Microsoft Visual Studio Solution File, Format Version 12.00
# Visual Studio 2015
Project("{FAE04EC0-301F-11D3-BF4B-00C04F79EFBC}") = "BUG", "BUG.csproj", "{8AE2A048-A5E1-D93B-1B14-EE8CE67A064D}"
EndProject
Project("{FAE04EC0-301F-11D3-BF4B-00C04F79EFBC}") = "BUG.Plugins", "BUG.Plugins.csproj", "{AAAE47AA-9400-A200-A64E-15770CA91143}"
EndProject
Project("{FAE04EC0-301F-11D3-BF4B-00C04F79EFBC}") = "BUG.Editor", "BUG.Editor.csproj", "{A21778D2-1F51-3EC4-599D-2138604FA035}"
EndProject
Project("{FAE04EC0-301F-11D3-BF4B-00C04F79EFBC}") = "BUG.Editor.Plugins", "BUG.Editor.Plugins.csproj", "{04553243-B6C1-E6A7-0AC2-927BD0AAAECD}"
EndProject
Global
	GlobalSection(SolutionConfigurationPlatforms) = preSolution
		Debug|Any CPU = Debug|Any CPU
		Release|Any CPU = Release|Any CPU
	EndGlobalSection
	GlobalSection(ProjectConfigurationPlatforms) = postSolution
		{8AE2A048-A5E1-D93B-1B14-EE8CE67A064D}.Debug|Any CPU.ActiveCfg = Debug|Any CPU
		{8AE2A048-A5E1-D93B-1B14-EE8CE67A064D}.Debug|Any CPU.Build.0 = Debug|Any CPU
		{8AE2A048-A5E1-D93B-1B14-EE8CE67A064D}.Release|Any CPU.ActiveCfg = Release|Any CPU
		{8AE2A048-A5E1-D93B-1B14-EE8CE67A064D}.Release|Any CPU.Build.0 = Release|Any CPU
		{AAAE47AA-9400-A200-A64E-15770CA91143}.Debug|Any CPU.ActiveCfg = Debug|Any CPU
		{AAAE47AA-9400-A200-A64E-15770CA91143}.Debug|Any CPU.Build.0 = Debug|Any CPU
		{AAAE47AA-9400-A200-A64E-15770CA91143}.Release|Any CPU.ActiveCfg = Release|Any CPU
		{AAAE47AA-9400-A200-A64E-15770CA91143}.Release|Any CPU.Build.0 = Release|Any CPU
		{A21778D2-1F51-3EC4-599D-2138604FA035}.Debug|Any CPU.ActiveCfg = Debug|Any CPU
		{A21778D2-1F51-3EC4-599D-2138604FA035}.Debug|Any CPU.Build.0 = Debug|Any CPU
		{A21778D2-1F51-3EC4-599D-2138604FA035}.Release|Any CPU.ActiveCfg = Release|Any CPU
		{A21778D2-1F51-3EC4-599D-2138604FA035}.Release|Any CPU.Build.0 = Release|Any CPU
		{04553243-B6C1-E6A7-0AC2-927BD0AAAECD}.Debug|Any CPU.ActiveCfg = Debug|Any CPU
		{04553243-B6C1-E6A7-0AC2-927BD0AAAECD}.Debug|Any CPU.Build.0 = Debug|Any CPU
		{04553243-B6C1-E6A7-0AC2-927BD0AAAECD}.Release|Any CPU.ActiveCfg = Release|Any CPU
		{04553243-B6C1-E6A7-0AC2-927BD0AAAECD}.Release|Any CPU.Build.0 = Release|Any CPU
	EndGlobalSection
	GlobalSection(SolutionProperties) = preSolution
		HideSolutionNode = FALSE
	EndGlobalSection
EndGlobal
